
Microsoft Visual Studio Solution File, Format Version 12.00
# Visual Studio Version 16
VisualStudioVersion = 16.0.31911.196
MinimumVisualStudioVersion = 10.0.40219.1
Project("{FAE04EC0-301F-11D3-BF4B-00C04F79EFBC}") = "WindowsStoreClone", "WindowsStoreClone.csproj", "{94E8CA81-912D-4FC3-8E0A-EFC56AD65D49}"
EndProject
Global
	GlobalSection(SolutionConfigurationPlatforms) = preSolution
		Debug|Any CPU = Debug|Any CPU
		Release|Any CPU = Release|Any CPU
	EndGlobalSection
	GlobalSection(ProjectConfigurationPlatforms) = postSolution
		{94E8CA81-912D-4FC3-8E0A-EFC56AD65D49}.Debug|Any CPU.ActiveCfg = Debug|Any CPU
		{94E8CA81-912D-4FC3-8E0A-EFC56AD65D49}.Debug|Any CPU.Build.0 = Debug|Any CPU
		{94E8CA81-912D-4FC3-8E0A-EFC56AD65D49}.Release|Any CPU.ActiveCfg = Release|Any CPU
		{94E8CA81-912D-4FC3-8E0A-EFC56AD65D49}.Release|Any CPU.Build.0 = Release|Any CPU
	EndGlobalSection
	GlobalSection(SolutionProperties) = preSolution
		HideSolutionNode = FALSE
	EndGlobalSection
	GlobalSection(ExtensibilityGlobals) = postSolution
		SolutionGuid = {4DB72497-AFB2-467D-BEE4-506200DDA862}
	EndGlobalSection
EndGlobal
